// !$*UTF8*$!
{
	archiveVersion = 1;
	classes = {
	};
	objectVersion = 46;
	objects = {

/* Begin PBXBuildFile section */
		865B695C1F0F3EC000EB3AD8 /* ListRecoredViewController.swift in Sources */ = {isa = PBXBuildFile; fileRef = 865B695B1F0F3EC000EB3AD8 /* ListRecoredViewController.swift */; };
		865B695E1F0F3F0C00EB3AD8 /* RecordTableViewCell.swift in Sources */ = {isa = PBXBuildFile; fileRef = 865B695D1F0F3F0C00EB3AD8 /* RecordTableViewCell.swift */; };
		86979BAE1F09D7EA00F0E5B3 /* AppDelegate.swift in Sources */ = {isa = PBXBuildFile; fileRef = 86979BAD1F09D7EA00F0E5B3 /* AppDelegate.swift */; };
		86979BB51F09D7EA00F0E5B3 /* Assets.xcassets in Resources */ = {isa = PBXBuildFile; fileRef = 86979BB41F09D7EA00F0E5B3 /* Assets.xcassets */; };
		86979BB81F09D7EA00F0E5B3 /* LaunchScreen.storyboard in Resources */ = {isa = PBXBuildFile; fileRef = 86979BB61F09D7EA00F0E5B3 /* LaunchScreen.storyboard */; };
		86979BC11F09D92300F0E5B3 /* HomeViewController.swift in Sources */ = {isa = PBXBuildFile; fileRef = 86979BC01F09D92300F0E5B3 /* HomeViewController.swift */; };
		86979BE01F0A013900F0E5B3 /* ViewTutorial.swift in Sources */ = {isa = PBXBuildFile; fileRef = 86979BDF1F0A013900F0E5B3 /* ViewTutorial.swift */; };
		86979BE41F0A2BEF00F0E5B3 /* CustomVoiceViewController.swift in Sources */ = {isa = PBXBuildFile; fileRef = 86979BE31F0A2BEF00F0E5B3 /* CustomVoiceViewController.swift */; };
		86979BE61F0A360D00F0E5B3 /* CustomSlider.swift in Sources */ = {isa = PBXBuildFile; fileRef = 86979BE51F0A360D00F0E5B3 /* CustomSlider.swift */; };
		86979BE81F0A3E8800F0E5B3 /* Main.storyboard in Resources */ = {isa = PBXBuildFile; fileRef = 86979BE71F0A3E8800F0E5B3 /* Main.storyboard */; };
		86BE312E1F0C794E0011AD7A /* baby.png in Resources */ = {isa = PBXBuildFile; fileRef = 86BE31201F0C794E0011AD7A /* baby.png */; };
		86BE312F1F0C794E0011AD7A /* back.png in Resources */ = {isa = PBXBuildFile; fileRef = 86BE31211F0C794E0011AD7A /* back.png */; };
		86BE31301F0C794E0011AD7A /* Background.png in Resources */ = {isa = PBXBuildFile; fileRef = 86BE31221F0C794E0011AD7A /* Background.png */; };
		86BE31311F0C794E0011AD7A /* backgroundtabbar.png in Resources */ = {isa = PBXBuildFile; fileRef = 86BE31231F0C794E0011AD7A /* backgroundtabbar.png */; };
		86BE31321F0C794E0011AD7A /* born.png in Resources */ = {isa = PBXBuildFile; fileRef = 86BE31241F0C794E0011AD7A /* born.png */; };
		86BE31331F0C794E0011AD7A /* heart.png in Resources */ = {isa = PBXBuildFile; fileRef = 86BE31251F0C794E0011AD7A /* heart.png */; };
		86BE31341F0C794E0011AD7A /* howtorecord.png in Resources */ = {isa = PBXBuildFile; fileRef = 86BE31261F0C794E0011AD7A /* howtorecord.png */; };
		86BE31351F0C794E0011AD7A /* like.gif in Resources */ = {isa = PBXBuildFile; fileRef = 86BE31271F0C794E0011AD7A /* like.gif */; };
		86BE31361F0C794E0011AD7A /* logo.png in Resources */ = {isa = PBXBuildFile; fileRef = 86BE31281F0C794E0011AD7A /* logo.png */; };
		86BE31371F0C794E0011AD7A /* mom.png in Resources */ = {isa = PBXBuildFile; fileRef = 86BE31291F0C794E0011AD7A /* mom.png */; };
		86BE31381F0C794E0011AD7A /* my recording.png in Resources */ = {isa = PBXBuildFile; fileRef = 86BE312A1F0C794E0011AD7A /* my recording.png */; };
		86BE31391F0C794E0011AD7A /* saveandshare.png in Resources */ = {isa = PBXBuildFile; fileRef = 86BE312B1F0C794E0011AD7A /* saveandshare.png */; };
		86BE313A1F0C794E0011AD7A /* tabtorecord.png in Resources */ = {isa = PBXBuildFile; fileRef = 86BE312C1F0C794E0011AD7A /* tabtorecord.png */; };
		86BE313B1F0C794E0011AD7A /* taptostop.png in Resources */ = {isa = PBXBuildFile; fileRef = 86BE312D1F0C794E0011AD7A /* taptostop.png */; };
		86BE313D1F0C7B360011AD7A /* resettodefault.png in Resources */ = {isa = PBXBuildFile; fileRef = 86BE313C1F0C7B360011AD7A /* resettodefault.png */; };
		86BE31401F0C7F8E0011AD7A /* ExtensionUIColor.swift in Sources */ = {isa = PBXBuildFile; fileRef = 86BE313F1F0C7F8E0011AD7A /* ExtensionUIColor.swift */; };
		86BE31441F0C89AA0011AD7A /* 19859149_695186967331126_1541081074_o.png in Resources */ = {isa = PBXBuildFile; fileRef = 86BE31431F0C89A90011AD7A /* 19859149_695186967331126_1541081074_o.png */; };
		86C5F63A1F0CF17600B92146 /* iOSDevCenters+GIF.swift in Sources */ = {isa = PBXBuildFile; fileRef = 86C5F6391F0CF17600B92146 /* iOSDevCenters+GIF.swift */; };
		86C5F63C1F0CF8D100B92146 /* tumblr_mi4xstZpvi1rfsim9o4_500.gif in Resources */ = {isa = PBXBuildFile; fileRef = 86C5F63B1F0CF8D100B92146 /* tumblr_mi4xstZpvi1rfsim9o4_500.gif */; };
/* End PBXBuildFile section */

/* Begin PBXFileReference section */
		865B695B1F0F3EC000EB3AD8 /* ListRecoredViewController.swift */ = {isa = PBXFileReference; fileEncoding = 4; lastKnownFileType = sourcecode.swift; path = ListRecoredViewController.swift; sourceTree = "<group>"; };
		865B695D1F0F3F0C00EB3AD8 /* RecordTableViewCell.swift */ = {isa = PBXFileReference; fileEncoding = 4; lastKnownFileType = sourcecode.swift; path = RecordTableViewCell.swift; sourceTree = "<group>"; };
		86979BAA1F09D7EA00F0E5B3 /* Baby Beat.app */ = {isa = PBXFileReference; explicitFileType = wrapper.application; includeInIndex = 0; path = "Baby Beat.app"; sourceTree = BUILT_PRODUCTS_DIR; };
		86979BAD1F09D7EA00F0E5B3 /* AppDelegate.swift */ = {isa = PBXFileReference; lastKnownFileType = sourcecode.swift; path = AppDelegate.swift; sourceTree = "<group>"; };
		86979BB41F09D7EA00F0E5B3 /* Assets.xcassets */ = {isa = PBXFileReference; lastKnownFileType = folder.assetcatalog; path = Assets.xcassets; sourceTree = "<group>"; };
		86979BB71F09D7EA00F0E5B3 /* Base */ = {isa = PBXFileReference; lastKnownFileType = file.storyboard; name = Base; path = Base.lproj/LaunchScreen.storyboard; sourceTree = "<group>"; };
		86979BB91F09D7EA00F0E5B3 /* Info.plist */ = {isa = PBXFileReference; lastKnownFileType = text.plist.xml; path = Info.plist; sourceTree = "<group>"; };
		86979BC01F09D92300F0E5B3 /* HomeViewController.swift */ = {isa = PBXFileReference; fileEncoding = 4; lastKnownFileType = sourcecode.swift; path = HomeViewController.swift; sourceTree = "<group>"; };
		86979BDF1F0A013900F0E5B3 /* ViewTutorial.swift */ = {isa = PBXFileReference; fileEncoding = 4; lastKnownFileType = sourcecode.swift; path = ViewTutorial.swift; sourceTree = "<group>"; };
		86979BE31F0A2BEF00F0E5B3 /* CustomVoiceViewController.swift */ = {isa = PBXFileReference; fileEncoding = 4; lastKnownFileType = sourcecode.swift; path = CustomVoiceViewController.swift; sourceTree = "<group>"; };
		86979BE51F0A360D00F0E5B3 /* CustomSlider.swift */ = {isa = PBXFileReference; fileEncoding = 4; lastKnownFileType = sourcecode.swift; path = CustomSlider.swift; sourceTree = "<group>"; };
		86979BE71F0A3E8800F0E5B3 /* Main.storyboard */ = {isa = PBXFileReference; fileEncoding = 4; lastKnownFileType = file.storyboard; path = Main.storyboard; sourceTree = "<group>"; };
		86BE31201F0C794E0011AD7A /* baby.png */ = {isa = PBXFileReference; lastKnownFileType = image.png; path = baby.png; sourceTree = "<group>"; };
		86BE31211F0C794E0011AD7A /* back.png */ = {isa = PBXFileReference; lastKnownFileType = image.png; path = back.png; sourceTree = "<group>"; };
		86BE31221F0C794E0011AD7A /* Background.png */ = {isa = PBXFileReference; lastKnownFileType = image.png; path = Background.png; sourceTree = "<group>"; };
		86BE31231F0C794E0011AD7A /* backgroundtabbar.png */ = {isa = PBXFileReference; lastKnownFileType = image.png; path = backgroundtabbar.png; sourceTree = "<group>"; };
		86BE31241F0C794E0011AD7A /* born.png */ = {isa = PBXFileReference; lastKnownFileType = image.png; path = born.png; sourceTree = "<group>"; };
		86BE31251F0C794E0011AD7A /* heart.png */ = {isa = PBXFileReference; lastKnownFileType = image.png; path = heart.png; sourceTree = "<group>"; };
		86BE31261F0C794E0011AD7A /* howtorecord.png */ = {isa = PBXFileReference; lastKnownFileType = image.png; path = howtorecord.png; sourceTree = "<group>"; };
		86BE31271F0C794E0011AD7A /* like.gif */ = {isa = PBXFileReference; lastKnownFileType = image.gif; path = like.gif; sourceTree = "<group>"; };
		86BE31281F0C794E0011AD7A /* logo.png */ = {isa = PBXFileReference; lastKnownFileType = image.png; path = logo.png; sourceTree = "<group>"; };
		86BE31291F0C794E0011AD7A /* mom.png */ = {isa = PBXFileReference; lastKnownFileType = image.png; path = mom.png; sourceTree = "<group>"; };
		86BE312A1F0C794E0011AD7A /* my recording.png */ = {isa = PBXFileReference; lastKnownFileType = image.png; path = "my recording.png"; sourceTree = "<group>"; };
		86BE312B1F0C794E0011AD7A /* saveandshare.png */ = {isa = PBXFileReference; lastKnownFileType = image.png; path = saveandshare.png; sourceTree = "<group>"; };
		86BE312C1F0C794E0011AD7A /* tabtorecord.png */ = {isa = PBXFileReference; lastKnownFileType = image.png; path = tabtorecord.png; sourceTree = "<group>"; };
		86BE312D1F0C794E0011AD7A /* taptostop.png */ = {isa = PBXFileReference; lastKnownFileType = image.png; path = taptostop.png; sourceTree = "<group>"; };
		86BE313C1F0C7B360011AD7A /* resettodefault.png */ = {isa = PBXFileReference; lastKnownFileType = image.png; path = resettodefault.png; sourceTree = "<group>"; };
		86BE313F1F0C7F8E0011AD7A /* ExtensionUIColor.swift */ = {isa = PBXFileReference; fileEncoding = 4; lastKnownFileType = sourcecode.swift; path = ExtensionUIColor.swift; sourceTree = "<group>"; };
		86BE31431F0C89A90011AD7A /* 19859149_695186967331126_1541081074_o.png */ = {isa = PBXFileReference; lastKnownFileType = image.png; path = 19859149_695186967331126_1541081074_o.png; sourceTree = "<group>"; };
		86C5F6391F0CF17600B92146 /* iOSDevCenters+GIF.swift */ = {isa = PBXFileReference; fileEncoding = 4; lastKnownFileType = sourcecode.swift; path = "iOSDevCenters+GIF.swift"; sourceTree = "<group>"; };
		86C5F63B1F0CF8D100B92146 /* tumblr_mi4xstZpvi1rfsim9o4_500.gif */ = {isa = PBXFileReference; lastKnownFileType = image.gif; path = tumblr_mi4xstZpvi1rfsim9o4_500.gif; sourceTree = "<group>"; };
/* End PBXFileReference section */

/* Begin PBXFrameworksBuildPhase section */
		86979BA71F09D7EA00F0E5B3 /* Frameworks */ = {
			isa = PBXFrameworksBuildPhase;
			buildActionMask = 2147483647;
			files = (
			);
			runOnlyForDeploymentPostprocessing = 0;
		};
/* End PBXFrameworksBuildPhase section */

/* Begin PBXGroup section */
		86979BA11F09D7EA00F0E5B3 = {
			isa = PBXGroup;
			children = (
				86979BAC1F09D7EA00F0E5B3 /* Baby Beat */,
				86979BAB1F09D7EA00F0E5B3 /* Products */,
			);
			sourceTree = "<group>";
		};
		86979BAB1F09D7EA00F0E5B3 /* Products */ = {
			isa = PBXGroup;
			children = (
				86979BAA1F09D7EA00F0E5B3 /* Baby Beat.app */,
			);
			name = Products;
			sourceTree = "<group>";
		};
		86979BAC1F09D7EA00F0E5B3 /* Baby Beat */ = {
			isa = PBXGroup;
			children = (
				86BE313E1F0C7F740011AD7A /* Helper */,
				86BE311F1F0C794E0011AD7A /* Images */,
				86979BDC1F0A00C800F0E5B3 /* View */,
				86979BBF1F09D91300F0E5B3 /* Controller */,
				86979BE71F0A3E8800F0E5B3 /* Main.storyboard */,
				86979BAD1F09D7EA00F0E5B3 /* AppDelegate.swift */,
				86979BB41F09D7EA00F0E5B3 /* Assets.xcassets */,
				86979BB61F09D7EA00F0E5B3 /* LaunchScreen.storyboard */,
				86979BB91F09D7EA00F0E5B3 /* Info.plist */,
			);
			path = "Baby Beat";
			sourceTree = "<group>";
		};
		86979BBF1F09D91300F0E5B3 /* Controller */ = {
			isa = PBXGroup;
			children = (
				86979BC01F09D92300F0E5B3 /* HomeViewController.swift */,
				86979BE31F0A2BEF00F0E5B3 /* CustomVoiceViewController.swift */,
				865B695B1F0F3EC000EB3AD8 /* ListRecoredViewController.swift */,
			);
			path = Controller;
			sourceTree = "<group>";
		};
		86979BDC1F0A00C800F0E5B3 /* View */ = {
			isa = PBXGroup;
			children = (
				86979BDF1F0A013900F0E5B3 /* ViewTutorial.swift */,
				86979BE51F0A360D00F0E5B3 /* CustomSlider.swift */,
			);
			path = View;
			sourceTree = "<group>";
		};
		86BE311F1F0C794E0011AD7A /* Images */ = {
			isa = PBXGroup;
			children = (
				86BE31201F0C794E0011AD7A /* baby.png */,
				86BE31211F0C794E0011AD7A /* back.png */,
				86BE31221F0C794E0011AD7A /* Background.png */,
				86BE31231F0C794E0011AD7A /* backgroundtabbar.png */,
				86BE31241F0C794E0011AD7A /* born.png */,
				86BE31251F0C794E0011AD7A /* heart.png */,
				86BE31261F0C794E0011AD7A /* howtorecord.png */,
				86BE31271F0C794E0011AD7A /* like.gif */,
				86C5F63B1F0CF8D100B92146 /* tumblr_mi4xstZpvi1rfsim9o4_500.gif */,
				86BE31281F0C794E0011AD7A /* logo.png */,
				86BE313C1F0C7B360011AD7A /* resettodefault.png */,
				86BE31291F0C794E0011AD7A /* mom.png */,
				86BE31431F0C89A90011AD7A /* 19859149_695186967331126_1541081074_o.png */,
				86BE312A1F0C794E0011AD7A /* my recording.png */,
				86BE312B1F0C794E0011AD7A /* saveandshare.png */,
				86BE312C1F0C794E0011AD7A /* tabtorecord.png */,
				86BE312D1F0C794E0011AD7A /* taptostop.png */,
			);
			path = Images;
			sourceTree = "<group>";
		};
		86BE313E1F0C7F740011AD7A /* Helper */ = {
			isa = PBXGroup;
			children = (
				86BE313F1F0C7F8E0011AD7A /* ExtensionUIColor.swift */,
				86C5F6391F0CF17600B92146 /* iOSDevCenters+GIF.swift */,
				865B695D1F0F3F0C00EB3AD8 /* RecordTableViewCell.swift */,
			);
			path = Helper;
			sourceTree = "<group>";
		};
/* End PBXGroup section */

/* Begin PBXNativeTarget section */
		86979BA91F09D7EA00F0E5B3 /* Baby Beat */ = {
			isa = PBXNativeTarget;
			buildConfigurationList = 86979BBC1F09D7EA00F0E5B3 /* Build configuration list for PBXNativeTarget "Baby Beat" */;
			buildPhases = (
				86979BA61F09D7EA00F0E5B3 /* Sources */,
				86979BA71F09D7EA00F0E5B3 /* Frameworks */,
				86979BA81F09D7EA00F0E5B3 /* Resources */,
			);
			buildRules = (
			);
			dependencies = (
			);
			name = "Baby Beat";
			productName = "Baby Beat";
			productReference = 86979BAA1F09D7EA00F0E5B3 /* Baby Beat.app */;
			productType = "com.apple.product-type.application";
		};
/* End PBXNativeTarget section */

/* Begin PBXProject section */
		86979BA21F09D7EA00F0E5B3 /* Project object */ = {
			isa = PBXProject;
			attributes = {
				LastSwiftUpdateCheck = 0820;
				LastUpgradeCheck = 0820;
				ORGANIZATIONNAME = may985;
				TargetAttributes = {
					86979BA91F09D7EA00F0E5B3 = {
						CreatedOnToolsVersion = 8.2.1;
						DevelopmentTeam = NK3VLKM3DB;
						ProvisioningStyle = Automatic;
					};
				};
			};
			buildConfigurationList = 86979BA51F09D7EA00F0E5B3 /* Build configuration list for PBXProject "Baby Beat" */;
			compatibilityVersion = "Xcode 3.2";
			developmentRegion = English;
			hasScannedForEncodings = 0;
			knownRegions = (
				en,
				Base,
			);
			mainGroup = 86979BA11F09D7EA00F0E5B3;
			productRefGroup = 86979BAB1F09D7EA00F0E5B3 /* Products */;
			projectDirPath = "";
			projectRoot = "";
			targets = (
				86979BA91F09D7EA00F0E5B3 /* Baby Beat */,
			);
		};
/* End PBXProject section */

/* Begin PBXResourcesBuildPhase section */
		86979BA81F09D7EA00F0E5B3 /* Resources */ = {
			isa = PBXResourcesBuildPhase;
			buildActionMask = 2147483647;
			files = (
				86BE31441F0C89AA0011AD7A /* 19859149_695186967331126_1541081074_o.png in Resources */,
				86BE313D1F0C7B360011AD7A /* resettodefault.png in Resources */,
				86979BB81F09D7EA00F0E5B3 /* LaunchScreen.storyboard in Resources */,
				86BE31331F0C794E0011AD7A /* heart.png in Resources */,
				86BE312F1F0C794E0011AD7A /* back.png in Resources */,
				86BE312E1F0C794E0011AD7A /* baby.png in Resources */,
				86BE31301F0C794E0011AD7A /* Background.png in Resources */,
				86BE313B1F0C794E0011AD7A /* taptostop.png in Resources */,
				86BE31321F0C794E0011AD7A /* born.png in Resources */,
				86BE31381F0C794E0011AD7A /* my recording.png in Resources */,
				86979BB51F09D7EA00F0E5B3 /* Assets.xcassets in Resources */,
				86BE31371F0C794E0011AD7A /* mom.png in Resources */,
				86BE31391F0C794E0011AD7A /* saveandshare.png in Resources */,
				86979BE81F0A3E8800F0E5B3 /* Main.storyboard in Resources */,
				86BE313A1F0C794E0011AD7A /* tabtorecord.png in Resources */,
				86BE31361F0C794E0011AD7A /* logo.png in Resources */,
				86BE31341F0C794E0011AD7A /* howtorecord.png in Resources */,
				86BE31311F0C794E0011AD7A /* backgroundtabbar.png in Resources */,
				86BE31351F0C794E0011AD7A /* like.gif in Resources */,
				86C5F63C1F0CF8D100B92146 /* tumblr_mi4xstZpvi1rfsim9o4_500.gif in Resources */,
			);
			runOnlyForDeploymentPostprocessing = 0;
		};
/* End PBXResourcesBuildPhase section */

/* Begin PBXSourcesBuildPhase section */
		86979BA61F09D7EA00F0E5B3 /* Sources */ = {
			isa = PBXSourcesBuildPhase;
			buildActionMask = 2147483647;
			files = (
				86979BE01F0A013900F0E5B3 /* ViewTutorial.swift in Sources */,
				865B695C1F0F3EC000EB3AD8 /* ListRecoredViewController.swift in Sources */,
				865B695E1F0F3F0C00EB3AD8 /* RecordTableViewCell.swift in Sources */,
				86BE31401F0C7F8E0011AD7A /* ExtensionUIColor.swift in Sources */,
				86979BE61F0A360D00F0E5B3 /* CustomSlider.swift in Sources */,
				86C5F63A1F0CF17600B92146 /* iOSDevCenters+GIF.swift in Sources */,
				86979BAE1F09D7EA00F0E5B3 /* AppDelegate.swift in Sources */,
				86979BE41F0A2BEF00F0E5B3 /* CustomVoiceViewController.swift in Sources */,
				86979BC11F09D92300F0E5B3 /* HomeViewController.swift in Sources */,
			);
			runOnlyForDeploymentPostprocessing = 0;
		};
/* End PBXSourcesBuildPhase section */

/* Begin PBXVariantGroup section */
		86979BB61F09D7EA00F0E5B3 /* LaunchScreen.storyboard */ = {
			isa = PBXVariantGroup;
			children = (
				86979BB71F09D7EA00F0E5B3 /* Base */,
			);
			name = LaunchScreen.storyboard;
			sourceTree = "<group>";
		};
/* End PBXVariantGroup section */

/* Begin XCBuildConfiguration section */
		86979BBA1F09D7EA00F0E5B3 /* Debug */ = {
			isa = XCBuildConfiguration;
			buildSettings = {
				ALWAYS_SEARCH_USER_PATHS = NO;
				CLANG_ANALYZER_NONNULL = YES;
				CLANG_CXX_LANGUAGE_STANDARD = "gnu++0x";
				CLANG_CXX_LIBRARY = "libc++";
				CLANG_ENABLE_MODULES = YES;
				CLANG_ENABLE_OBJC_ARC = YES;
				CLANG_WARN_BOOL_CONVERSION = YES;
				CLANG_WARN_CONSTANT_CONVERSION = YES;
				CLANG_WARN_DIRECT_OBJC_ISA_USAGE = YES_ERROR;
				CLANG_WARN_DOCUMENTATION_COMMENTS = YES;
				CLANG_WARN_EMPTY_BODY = YES;
				CLANG_WARN_ENUM_CONVERSION = YES;
				CLANG_WARN_INFINITE_RECURSION = YES;
				CLANG_WARN_INT_CONVERSION = YES;
				CLANG_WARN_OBJC_ROOT_CLASS = YES_ERROR;
				CLANG_WARN_SUSPICIOUS_MOVE = YES;
				CLANG_WARN_UNREACHABLE_CODE = YES;
				CLANG_WARN__DUPLICATE_METHOD_MATCH = YES;
				"CODE_SIGN_IDENTITY[sdk=iphoneos*]" = "iPhone Developer";
				COPY_PHASE_STRIP = NO;
				DEBUG_INFORMATION_FORMAT = dwarf;
				ENABLE_STRICT_OBJC_MSGSEND = YES;
				ENABLE_TESTABILITY = YES;
				GCC_C_LANGUAGE_STANDARD = gnu99;
				GCC_DYNAMIC_NO_PIC = NO;
				GCC_NO_COMMON_BLOCKS = YES;
				GCC_OPTIMIZATION_LEVEL = 0;
				GCC_PREPROCESSOR_DEFINITIONS = (
					"DEBUG=1",
					"$(inherited)",
				);
				GCC_WARN_64_TO_32_BIT_CONVERSION = YES;
				GCC_WARN_ABOUT_RETURN_TYPE = YES_ERROR;
				GCC_WARN_UNDECLARED_SELECTOR = YES;
				GCC_WARN_UNINITIALIZED_AUTOS = YES_AGGRESSIVE;
				GCC_WARN_UNUSED_FUNCTION = YES;
				GCC_WARN_UNUSED_VARIABLE = YES;
				IPHONEOS_DEPLOYMENT_TARGET = 10.2;
				MTL_ENABLE_DEBUG_INFO = YES;
				ONLY_ACTIVE_ARCH = YES;
				SDKROOT = iphoneos;
				SWIFT_ACTIVE_COMPILATION_CONDITIONS = DEBUG;
				SWIFT_OPTIMIZATION_LEVEL = "-Onone";
				TARGETED_DEVICE_FAMILY = "1,2";
			};
			name = Debug;
		};
		86979BBB1F09D7EA00F0E5B3 /* Release */ = {
			isa = XCBuildConfiguration;
			buildSettings = {
				ALWAYS_SEARCH_USER_PATHS = NO;
				CLANG_ANALYZER_NONNULL = YES;
				CLANG_CXX_LANGUAGE_STANDARD = "gnu++0x";
				CLANG_CXX_LIBRARY = "libc++";
				CLANG_ENABLE_MODULES = YES;
				CLANG_ENABLE_OBJC_ARC = YES;
				CLANG_WARN_BOOL_CONVERSION = YES;
				CLANG_WARN_CONSTANT_CONVERSION = YES;
				CLANG_WARN_DIRECT_OBJC_ISA_USAGE = YES_ERROR;
				CLANG_WARN_DOCUMENTATION_COMMENTS = YES;
				CLANG_WARN_EMPTY_BODY = YES;
				CLANG_WARN_ENUM_CONVERSION = YES;
				CLANG_WARN_INFINITE_RECURSION = YES;
				CLANG_WARN_INT_CONVERSION = YES;
				CLANG_WARN_OBJC_ROOT_CLASS = YES_ERROR;
				CLANG_WARN_SUSPICIOUS_MOVE = YES;
				CLANG_WARN_UNREACHABLE_CODE = YES;
				CLANG_WARN__DUPLICATE_METHOD_MATCH = YES;
				"CODE_SIGN_IDENTITY[sdk=iphoneos*]" = "iPhone Developer";
				COPY_PHASE_STRIP = NO;
				DEBUG_INFORMATION_FORMAT = "dwarf-with-dsym";
				ENABLE_NS_ASSERTIONS = NO;
				ENABLE_STRICT_OBJC_MSGSEND = YES;
				GCC_C_LANGUAGE_STANDARD = gnu99;
				GCC_NO_COMMON_BLOCKS = YES;
				GCC_WARN_64_TO_32_BIT_CONVERSION = YES;
				GCC_WARN_ABOUT_RETURN_TYPE = YES_ERROR;
				GCC_WARN_UNDECLARED_SELECTOR = YES;
				GCC_WARN_UNINITIALIZED_AUTOS = YES_AGGRESSIVE;
				GCC_WARN_UNUSED_FUNCTION = YES;
				GCC_WARN_UNUSED_VARIABLE = YES;
				IPHONEOS_DEPLOYMENT_TARGET = 10.2;
				MTL_ENABLE_DEBUG_INFO = NO;
				SDKROOT = iphoneos;
				SWIFT_OPTIMIZATION_LEVEL = "-Owholemodule";
				TARGETED_DEVICE_FAMILY = "1,2";
				VALIDATE_PRODUCT = YES;
			};
			name = Release;
		};
		86979BBD1F09D7EA00F0E5B3 /* Debug */ = {
			isa = XCBuildConfiguration;
			buildSettings = {
				ASSETCATALOG_COMPILER_APPICON_NAME = AppIcon;
				DEVELOPMENT_TEAM = NK3VLKM3DB;
				INFOPLIST_FILE = "Baby Beat/Info.plist";
				LD_RUNPATH_SEARCH_PATHS = "$(inherited) @executable_path/Frameworks";
				PRODUCT_BUNDLE_IDENTIFIER = "ahihi.ihaha.Baby-Beat";
				PRODUCT_NAME = "$(TARGET_NAME)";
				SWIFT_VERSION = 3.0;
			};
			name = Debug;
		};
		86979BBE1F09D7EA00F0E5B3 /* Release */ = {
			isa = XCBuildConfiguration;
			buildSettings = {
				ASSETCATALOG_COMPILER_APPICON_NAME = AppIcon;
				DEVELOPMENT_TEAM = NK3VLKM3DB;
				INFOPLIST_FILE = "Baby Beat/Info.plist";
				LD_RUNPATH_SEARCH_PATHS = "$(inherited) @executable_path/Frameworks";
				PRODUCT_BUNDLE_IDENTIFIER = "ahihi.ihaha.Baby-Beat";
				PRODUCT_NAME = "$(TARGET_NAME)";
				SWIFT_VERSION = 3.0;
			};
			name = Release;
		};
/* End XCBuildConfiguration section */

/* Begin XCConfigurationList section */
		86979BA51F09D7EA00F0E5B3 /* Build configuration list for PBXProject "Baby Beat" */ = {
			isa = XCConfigurationList;
			buildConfigurations = (
				86979BBA1F09D7EA00F0E5B3 /* Debug */,
				86979BBB1F09D7EA00F0E5B3 /* Release */,
			);
			defaultConfigurationIsVisible = 0;
			defaultConfigurationName = Release;
		};
		86979BBC1F09D7EA00F0E5B3 /* Build configuration list for PBXNativeTarget "Baby Beat" */ = {
			isa = XCConfigurationList;
			buildConfigurations = (
				86979BBD1F09D7EA00F0E5B3 /* Debug */,
				86979BBE1F09D7EA00F0E5B3 /* Release */,
			);
			defaultConfigurationIsVisible = 0;
			defaultConfigurationName = Release;
		};
/* End XCConfigurationList section */
	};
	rootObject = 86979BA21F09D7EA00F0E5B3 /* Project object */;
}
